
Microsoft Visual Studio Solution File, Format Version 12.00
# Visual Studio Version 16
VisualStudioVersion = 16.0.31005.135
MinimumVisualStudioVersion = 10.0.40219.1
Project("{FAE04EC0-301F-11D3-BF4B-00C04F79EFBC}") = "AspCoreDemo.Api", "AspCoreDemo.Api\AspCoreDemo.Api.csproj", "{DC73DC2B-2969-4D2F-BB0B-5DE3EB92F09E}"
EndProject
Project("{FAE04EC0-301F-11D3-BF4B-00C04F79EFBC}") = "AspCoreDemo.Shared", "AspCoreDemo.Shared\AspCoreDemo.Shared.csproj", "{AE95561D-BBEB-4722-A020-B98F6C535FEA}"
EndProject
Global
	GlobalSection(SolutionConfigurationPlatforms) = preSolution
		Debug|Any CPU = Debug|Any CPU
		Release|Any CPU = Release|Any CPU
	EndGlobalSection
	GlobalSection(ProjectConfigurationPlatforms) = postSolution
		{DC73DC2B-2969-4D2F-BB0B-5DE3EB92F09E}.Debug|Any CPU.ActiveCfg = Debug|Any CPU
		{DC73DC2B-2969-4D2F-BB0B-5DE3EB92F09E}.Debug|Any CPU.Build.0 = Debug|Any CPU
		{DC73DC2B-2969-4D2F-BB0B-5DE3EB92F09E}.Release|Any CPU.ActiveCfg = Release|Any CPU
		{DC73DC2B-2969-4D2F-BB0B-5DE3EB92F09E}.Release|Any CPU.Build.0 = Release|Any CPU
		{AE95561D-BBEB-4722-A020-B98F6C535FEA}.Debug|Any CPU.ActiveCfg = Debug|Any CPU
		{AE95561D-BBEB-4722-A020-B98F6C535FEA}.Debug|Any CPU.Build.0 = Debug|Any CPU
		{AE95561D-BBEB-4722-A020-B98F6C535FEA}.Release|Any CPU.ActiveCfg = Release|Any CPU
		{AE95561D-BBEB-4722-A020-B98F6C535FEA}.Release|Any CPU.Build.0 = Release|Any CPU
	EndGlobalSection
	GlobalSection(SolutionProperties) = preSolution
		HideSolutionNode = FALSE
	EndGlobalSection
	GlobalSection(ExtensibilityGlobals) = postSolution
		SolutionGuid = {077A9090-7BA1-496A-BA32-F857596F6815}
	EndGlobalSection
EndGlobal
